
Microsoft Visual Studio Solution File, Format Version 12.00
# Visual Studio Version 16
VisualStudioVersion = 16.0.31613.86
MinimumVisualStudioVersion = 10.0.40219.1
Project("{FAE04EC0-301F-11D3-BF4B-00C04F79EFBC}") = "ORMPrac2", "ORMPrac2.csproj", "{CE8CE45A-2D70-4BC9-9382-1D5ABBA03D82}"
EndProject
Global
	GlobalSection(SolutionConfigurationPlatforms) = preSolution
		Debug|Any CPU = Debug|Any CPU
		Release|Any CPU = Release|Any CPU
	EndGlobalSection
	GlobalSection(ProjectConfigurationPlatforms) = postSolution
		{CE8CE45A-2D70-4BC9-9382-1D5ABBA03D82}.Debug|Any CPU.ActiveCfg = Debug|Any CPU
		{CE8CE45A-2D70-4BC9-9382-1D5ABBA03D82}.Debug|Any CPU.Build.0 = Debug|Any CPU
		{CE8CE45A-2D70-4BC9-9382-1D5ABBA03D82}.Release|Any CPU.ActiveCfg = Release|Any CPU
		{CE8CE45A-2D70-4BC9-9382-1D5ABBA03D82}.Release|Any CPU.Build.0 = Release|Any CPU
	EndGlobalSection
	GlobalSection(SolutionProperties) = preSolution
		HideSolutionNode = FALSE
	EndGlobalSection
	GlobalSection(ExtensibilityGlobals) = postSolution
		SolutionGuid = {1C031BC4-1E31-4E26-9C2E-ED775B2C2660}
	EndGlobalSection
EndGlobal
