
Microsoft Visual Studio Solution File, Format Version 12.00
# Visual Studio Version 16
VisualStudioVersion = 16.0.31613.86
MinimumVisualStudioVersion = 10.0.40219.1
Project("{FAE04EC0-301F-11D3-BF4B-00C04F79EFBC}") = "ORMPrac1", "ORMPrac1.csproj", "{1BCFDB08-8CD0-4230-801F-8D189BA69BCB}"
EndProject
Global
	GlobalSection(SolutionConfigurationPlatforms) = preSolution
		Debug|Any CPU = Debug|Any CPU
		Release|Any CPU = Release|Any CPU
	EndGlobalSection
	GlobalSection(ProjectConfigurationPlatforms) = postSolution
		{1BCFDB08-8CD0-4230-801F-8D189BA69BCB}.Debug|Any CPU.ActiveCfg = Debug|Any CPU
		{1BCFDB08-8CD0-4230-801F-8D189BA69BCB}.Debug|Any CPU.Build.0 = Debug|Any CPU
		{1BCFDB08-8CD0-4230-801F-8D189BA69BCB}.Release|Any CPU.ActiveCfg = Release|Any CPU
		{1BCFDB08-8CD0-4230-801F-8D189BA69BCB}.Release|Any CPU.Build.0 = Release|Any CPU
	EndGlobalSection
	GlobalSection(SolutionProperties) = preSolution
		HideSolutionNode = FALSE
	EndGlobalSection
	GlobalSection(ExtensibilityGlobals) = postSolution
		SolutionGuid = {B420E9AD-A669-4745-8585-4ADAF61BE286}
	EndGlobalSection
EndGlobal
